{
  "requires": true,
  "lockfileVersion": 1,
  "dependencies": {
    "crypto-js": {
      "version": "3.3.0",
      "resolved": "https://registry.npmjs.org/crypto-js/-/crypto-js-3.3.0.tgz",
      "integrity": "sha512-DIT51nX0dCfKltpRiXV+/TVZq+Qq2NgF4644+K7Ttnla7zEzqc+kjJyiB96BHNyUTBxyjzRcZYpUdZa+QAqi6Q=="
    },
    "echarts": {
      "version": "4.7.0",
      "resolved": "https://registry.npmjs.org/echarts/-/echarts-4.7.0.tgz",
      "integrity": "sha512-NlOTdUcAsIyCCG+N4uh0ZEvXtrPW2jvcuqf03RyqYeCKzyPbiOQ4I3MdKXMhxG3lBdqQNdNXVT71SB4KTQjN0A==",
      "requires": {
        "zrender": "4.3.0"
      }
    },
    "sha1-file-web": {
      "version": "1.0.2",
      "resolved": "https://registry.npmjs.org/sha1-file-web/-/sha1-file-web-1.0.2.tgz",
      "integrity": "sha512-TiJkEMIeZJLc2jc9Mf5jLZASm4sUhq9hI27r5uOAmGy3xOCJwjIqPWD/d8Tx5OtB59mam5XVY/RSC0lbPzqX6A==",
      "requires": {
        "crypto-js": "3.3.0"
      }
    },
    "zrender": {
      "version": "4.3.0",
      "resolved": "https://registry.npmjs.org/zrender/-/zrender-4.3.0.tgz",
      "integrity": "sha512-Dii6j2bDsPkxQayuVf2DXJeruIB/mKVxxcGRZQ9GExiBd4c3w7+oBuvo1O/JGHeFeA1nCmSDVDs/S7yKZG1nrA=="
    }
  }
}
