{
  "requires": true,
  "lockfileVersion": 1,
  "dependencies": {
    "echarts": {
      "version": "4.7.0",
      "resolved": "https://registry.npmjs.org/echarts/-/echarts-4.7.0.tgz",
      "integrity": "sha512-NlOTdUcAsIyCCG+N4uh0ZEvXtrPW2jvcuqf03RyqYeCKzyPbiOQ4I3MdKXMhxG3lBdqQNdNXVT71SB4KTQjN0A==",
      "requires": {
        "zrender": "4.3.0"
      }
    },
    "zrender": {
      "version": "4.3.0",
      "resolved": "https://registry.npmjs.org/zrender/-/zrender-4.3.0.tgz",
      "integrity": "sha512-Dii6j2bDsPkxQayuVf2DXJeruIB/mKVxxcGRZQ9GExiBd4c3w7+oBuvo1O/JGHeFeA1nCmSDVDs/S7yKZG1nrA=="
    }
  }
}
